{
  "version": "2",
  "remote": {
    "https://deno.land/std@0.109.0/_util/assert.ts": "2f868145a042a11d5ad0a3c748dcf580add8a0dbc0e876eaa0026303a5488f58",
    "https://deno.land/std@0.109.0/bytes/mod.ts": "440684e07e8f57a19a43b34d57eb63af0b36fc92b6657b6dcdbf9d5612d62e29",
    "https://deno.land/std@0.109.0/fmt/colors.ts": "8368ddf2d48dfe413ffd04cdbb7ae6a1009cf0dccc9c7ff1d76259d9c61a0621",
    "https://deno.land/std@0.109.0/io/buffer.ts": "3ead6bb11276ebcf093c403f74f67fd2205a515dbbb9061862c468ca56f37cd8",
    "https://deno.land/std@0.109.0/io/types.d.ts": "89a27569399d380246ca7cdd9e14d5e68459f11fb6110790cc5ecbd4ee7f3215",
    "https://deno.land/std@0.109.0/io/util.ts": "85c33d61b20fd706acc094fe80d4c8ae618b04abcf3a96ca2b47071842c1c8ac",
    "https://deno.land/std@0.109.0/testing/_diff.ts": "ccd6c3af6e44c74bf1591acb1361995f5f50df64323a6e7fb3f16c8ea792c940",
    "https://deno.land/std@0.109.0/testing/asserts.ts": "6b0d6ba564bdff807bd0f0e93e02c48aa3177acf19416bf84a7f420191ef74cd",
    "https://deno.land/std@0.158.0/async/abortable.ts": "87aa7230be8360c24ad437212311c9e8d4328854baec27b4c7abb26e85515c06",
    "https://deno.land/std@0.158.0/async/deadline.ts": "48ac998d7564969f3e6ec6b6f9bf0217ebd00239b1b2292feba61272d5dd58d0",
    "https://deno.land/std@0.158.0/async/debounce.ts": "de5433bff08a2bb61416fc53b3bd2d5867090c8a815465e5b4a10a77495b1051",
    "https://deno.land/std@0.158.0/async/deferred.ts": "c01de44b9192359cebd3fe93273fcebf9e95110bf3360023917da9a2d1489fae",
    "https://deno.land/std@0.158.0/async/delay.ts": "0419dfc993752849692d1f9647edf13407c7facc3509b099381be99ffbc9d699",
    "https://deno.land/std@0.158.0/async/mod.ts": "dd0a8ed4f3984ffabe2fcca7c9f466b7932d57b1864ffee148a5d5388316db6b",
    "https://deno.land/std@0.158.0/async/mux_async_iterator.ts": "3447b28a2a582224a3d4d3596bccbba6e85040da3b97ed64012f7decce98d093",
    "https://deno.land/std@0.158.0/async/pool.ts": "ef9eb97b388543acbf0ac32647121e4dbe629236899586c4d4311a8770fbb239",
    "https://deno.land/std@0.158.0/async/tee.ts": "d27680d911816fcb3d231e16d690e7588079e66a9b2e5ce8cc354db94fdce95f",
    "https://deno.land/std@0.158.0/http/server.ts": "cd8fb4655fea0e3266b61c407e8e016be2a1f0fa020b25583c3c095e46105fbc",
    "https://deno.land/x/hono@v3.1.2/client/client.ts": "c279ae0fd26bc10989bb9ad9025eb22db6317530c09ffdb3e59c0a932534f3ce",
    "https://deno.land/x/hono@v3.1.2/client/index.ts": "7ad089b121f2613a0eaedd3d8aa8307a48bf3bf48f6c38281d6e73ee35f0d7ea",
    "https://deno.land/x/hono@v3.1.2/client/types.ts": "ccf9ae6ae9aa0be5f3254143a3e7a7ac7b0c1c69c65ef2f72e76b01de101c741",
    "https://deno.land/x/hono@v3.1.2/client/utils.ts": "d7ff6b55f5b00715dacecaefd39e598f2a5e4cb863a64b0bee1020a725640cd7",
    "https://deno.land/x/hono@v3.1.2/compose.ts": "9bc97f737857da061b2294eb9812b7e0ca773acc2e913c11bf93d5732c0469f0",
    "https://deno.land/x/hono@v3.1.2/context.ts": "b8d8331238af89feb509a5ece6111bb72ef60509bd3936c2f5d49322c44f3d31",
    "https://deno.land/x/hono@v3.1.2/hono.ts": "a85789f0332dcaeaed1a2b81fbc766ca4bcfc3fb3109f9d8de6fec61c750b61d",
    "https://deno.land/x/hono@v3.1.2/http-exception.ts": "e74a5e8504ecf795e9babdc2bab9d4052e1806a7396efc89f8e1ed83e813e3be",
    "https://deno.land/x/hono@v3.1.2/mod.ts": "8fb4f86e935574b4bba498556eb295d9f94515b9b86046e0ebd240784aa3bb14",
    "https://deno.land/x/hono@v3.1.2/request.ts": "1cfe249dcf8ed4c2a5646bfbb9fbb3328d5cbea67d1cbea478fc5af297ce0536",
    "https://deno.land/x/hono@v3.1.2/router.ts": "21448bc2e6019574c10fae11237da4367037fa107e68bf3d049cd2fd0efd2adb",
    "https://deno.land/x/hono@v3.1.2/router/reg-exp-router/index.ts": "52755829213941756159b7a963097bafde5cc4fc22b13b1c7c9184dc0512d1db",
    "https://deno.land/x/hono@v3.1.2/router/reg-exp-router/node.ts": "8006b5bccb83d9fc98e0562a5545f6dd0be639ce445b089a6171c9c617aa8693",
    "https://deno.land/x/hono@v3.1.2/router/reg-exp-router/router.ts": "35a405c855cf6d10c350a651169c2c728fd19aaf3d3a0c416e5a06752914e6bd",
    "https://deno.land/x/hono@v3.1.2/router/reg-exp-router/trie.ts": "567493b301c44174f0895aedb8d055bbecf88f8a25626fa8ca61333bbd0c882c",
    "https://deno.land/x/hono@v3.1.2/router/smart-router/index.ts": "74f9b4fe15ea535900f2b9b048581915f12fe94e531dd2b0032f5610e61c3bef",
    "https://deno.land/x/hono@v3.1.2/router/smart-router/router.ts": "1d54f5c87875d856ed5fc2d22a100e1ff31debe3e9d8e9b1cc18d8e5706239f2",
    "https://deno.land/x/hono@v3.1.2/router/trie-router/index.ts": "3eb75e7f71ba81801631b30de6b1f5cefb2c7239c03797e2b2cbab5085911b41",
    "https://deno.land/x/hono@v3.1.2/router/trie-router/node.ts": "ca5b6a1ce6b6dc01003809bfa9cb93a323b37b27feee14c64655015deff7d2a9",
    "https://deno.land/x/hono@v3.1.2/router/trie-router/router.ts": "0a969528a0c1680b552b20f0ca90e484e968ac279be9d5fd952b61a804d680e7",
    "https://deno.land/x/hono@v3.1.2/types.ts": "9e6d337bbdbb9ee1293af11b3f1944c94954e2072bb6574cf1eeda9aa911592a",
    "https://deno.land/x/hono@v3.1.2/utils/body.ts": "b6b5ed679122968a74845df4c5454c677f09adc4f3466d822f3b1397884e540e",
    "https://deno.land/x/hono@v3.1.2/utils/cookie.ts": "545872bd7af3b455c24fd386ecbccfd161e7d4a0038d6b09b1bb22723602f90a",
    "https://deno.land/x/hono@v3.1.2/utils/http-status.ts": "2d6003e352c1fe918db663fa4bd2b20bf0b9d4e1699ba5e163f317f00b29d938",
    "https://deno.land/x/hono@v3.1.2/utils/types.ts": "64fe2bf6526c682024bc5d0cd59d01a32f12bb9b80dca58d1cfc4e70231ef696",
    "https://deno.land/x/hono@v3.1.2/utils/url.ts": "f99eb93311a03a2dce6bf5c5c341df9cace66907dc28ceee3947106778b58f7c",
    "https://deno.land/x/hono@v3.1.2/validator/index.ts": "6c986e8b91dcf857ecc8164a506ae8eea8665792a4ff7215471df669c632ae7c",
    "https://deno.land/x/hono@v3.1.2/validator/validator.ts": "e52183ddf8cefc3cfe2788802fe6ce766df8ac904df485107b01cbcca167dbad",
    "https://deno.land/x/logger@v1.0.2/date.ts": "09041dc83c9cddb489b875f45b07336dd894c23b9dd5b47235b94180571a2efa",
    "https://deno.land/x/logger@v1.0.2/deps.ts": "b70e9eb00927284209b39d6d715a3c1c7e9d77b8e95a38e2a8903a784930253c",
    "https://deno.land/x/logger@v1.0.2/eol.ts": "493acd048c546fd48bcd26365d4dadf3db81ce32c4611ca5b0b19e6de9f9826a",
    "https://deno.land/x/logger@v1.0.2/fs.ts": "7d1c7261e9f15d25c6c09df43169a4665bd9da7e2413534aa294f4b184f3fa4e",
    "https://deno.land/x/logger@v1.0.2/interface.ts": "ae4afbd75c6a75138e819acd82aeafbd200a38d1b67d4d04822728de37dd3c94",
    "https://deno.land/x/logger@v1.0.2/logger.ts": "888910d0bc75632812afd202adee9618aa0c84e87405f0ef75ae391ddc129593",
    "https://deno.land/x/logger@v1.0.2/stdout.ts": "364b6ca8c016c9e67d457d12aa028a448e4b8af7a78965e42de824fb969a9ccb",
    "https://deno.land/x/logger@v1.0.2/types.ts": "ff4fcb574d926f0189b6cba89194c369ad037a9d219ea76085619d18e7b31cd9",
    "https://deno.land/x/logger@v1.0.2/writable.ts": "5e82462ae5738c8b3c152bb77e2a653bd14caa358d9017a9fcbc1ca0a9bc3c3f",
    "https://deno.land/x/logger@v1.0.2/writer.ts": "7e0f7e204d96418e7d1285299c6d604f5479928f4b6f5b25daa32ac5fba31175"
  }
}
